// !$*UTF8*$!
{
	archiveVersion = 1;
	classes = {
	};
	objectVersion = 50;
	objects = {

/* Begin PBXBuildFile section */
		210C4C3123924153007576B0 /* CustomCollectionViewCell.swift in Sources */ = {isa = PBXBuildFile; fileRef = 210C4C3023924153007576B0 /* CustomCollectionViewCell.swift */; };
		210C4C3A2392631D007576B0 /* GradientView.swift in Sources */ = {isa = PBXBuildFile; fileRef = 210C4C392392631D007576B0 /* GradientView.swift */; };
		2180AECF23898A0B00EFA51A /* AppDelegate.swift in Sources */ = {isa = PBXBuildFile; fileRef = 2180AECE23898A0B00EFA51A /* AppDelegate.swift */; };
		2180AED623898A0D00EFA51A /* Assets.xcassets in Resources */ = {isa = PBXBuildFile; fileRef = 2180AED523898A0D00EFA51A /* Assets.xcassets */; };
		2180AED923898A0D00EFA51A /* LaunchScreen.storyboard in Resources */ = {isa = PBXBuildFile; fileRef = 2180AED723898A0D00EFA51A /* LaunchScreen.storyboard */; };
		2180AEE123898B5100EFA51A /* RootViewController.swift in Sources */ = {isa = PBXBuildFile; fileRef = 2180AEE023898B5100EFA51A /* RootViewController.swift */; };
		2180AEE32389901000EFA51A /* StartViewController.swift in Sources */ = {isa = PBXBuildFile; fileRef = 2180AEE22389901000EFA51A /* StartViewController.swift */; };
		2180AEE523899BB300EFA51A /* MainViewController.swift in Sources */ = {isa = PBXBuildFile; fileRef = 2180AEE423899BB300EFA51A /* MainViewController.swift */; };
/* End PBXBuildFile section */

/* Begin PBXFileReference section */
		210C4C3023924153007576B0 /* CustomCollectionViewCell.swift */ = {isa = PBXFileReference; lastKnownFileType = sourcecode.swift; path = CustomCollectionViewCell.swift; sourceTree = "<group>"; };
		210C4C392392631D007576B0 /* GradientView.swift */ = {isa = PBXFileReference; lastKnownFileType = sourcecode.swift; path = GradientView.swift; sourceTree = "<group>"; };
		2180AECB23898A0B00EFA51A /* BirthdayNotes.app */ = {isa = PBXFileReference; explicitFileType = wrapper.application; includeInIndex = 0; path = BirthdayNotes.app; sourceTree = BUILT_PRODUCTS_DIR; };
		2180AECE23898A0B00EFA51A /* AppDelegate.swift */ = {isa = PBXFileReference; lastKnownFileType = sourcecode.swift; path = AppDelegate.swift; sourceTree = "<group>"; };
		2180AED523898A0D00EFA51A /* Assets.xcassets */ = {isa = PBXFileReference; lastKnownFileType = folder.assetcatalog; path = Assets.xcassets; sourceTree = "<group>"; };
		2180AED823898A0D00EFA51A /* Base */ = {isa = PBXFileReference; lastKnownFileType = file.storyboard; name = Base; path = Base.lproj/LaunchScreen.storyboard; sourceTree = "<group>"; };
		2180AEDA23898A0D00EFA51A /* Info.plist */ = {isa = PBXFileReference; lastKnownFileType = text.plist.xml; path = Info.plist; sourceTree = "<group>"; };
		2180AEE023898B5100EFA51A /* RootViewController.swift */ = {isa = PBXFileReference; lastKnownFileType = sourcecode.swift; path = RootViewController.swift; sourceTree = "<group>"; };
		2180AEE22389901000EFA51A /* StartViewController.swift */ = {isa = PBXFileReference; lastKnownFileType = sourcecode.swift; path = StartViewController.swift; sourceTree = "<group>"; };
		2180AEE423899BB300EFA51A /* MainViewController.swift */ = {isa = PBXFileReference; lastKnownFileType = sourcecode.swift; path = MainViewController.swift; sourceTree = "<group>"; };
/* End PBXFileReference section */

/* Begin PBXFrameworksBuildPhase section */
		2180AEC823898A0B00EFA51A /* Frameworks */ = {
			isa = PBXFrameworksBuildPhase;
			buildActionMask = 2147483647;
			files = (
			);
			runOnlyForDeploymentPostprocessing = 0;
		};
/* End PBXFrameworksBuildPhase section */

/* Begin PBXGroup section */
		210C4C3223925CA9007576B0 /* Models */ = {
			isa = PBXGroup;
			children = (
			);
			path = Models;
			sourceTree = "<group>";
		};
		210C4C3323925CB5007576B0 /* View */ = {
			isa = PBXGroup;
			children = (
				210C4C3023924153007576B0 /* CustomCollectionViewCell.swift */,
				210C4C392392631D007576B0 /* GradientView.swift */,
				2180AED723898A0D00EFA51A /* LaunchScreen.storyboard */,
			);
			path = View;
			sourceTree = "<group>";
		};
		210C4C3423925CBA007576B0 /* Controllers */ = {
			isa = PBXGroup;
			children = (
				2180AEE023898B5100EFA51A /* RootViewController.swift */,
				2180AEE22389901000EFA51A /* StartViewController.swift */,
				2180AEE423899BB300EFA51A /* MainViewController.swift */,
			);
			path = Controllers;
			sourceTree = "<group>";
		};
		210C4C3523925CDB007576B0 /* Property Lists */ = {
			isa = PBXGroup;
			children = (
				2180AEDA23898A0D00EFA51A /* Info.plist */,
			);
			path = "Property Lists";
			sourceTree = "<group>";
		};
		210C4C3623925D48007576B0 /* AppDelegates */ = {
			isa = PBXGroup;
			children = (
				2180AECE23898A0B00EFA51A /* AppDelegate.swift */,
			);
			path = AppDelegates;
			sourceTree = "<group>";
		};
		2180AEC223898A0B00EFA51A = {
			isa = PBXGroup;
			children = (
				2180AECD23898A0B00EFA51A /* BirthdayNotes */,
				2180AECC23898A0B00EFA51A /* Products */,
			);
			sourceTree = "<group>";
		};
		2180AECC23898A0B00EFA51A /* Products */ = {
			isa = PBXGroup;
			children = (
				2180AECB23898A0B00EFA51A /* BirthdayNotes.app */,
			);
			name = Products;
			sourceTree = "<group>";
		};
		2180AECD23898A0B00EFA51A /* BirthdayNotes */ = {
			isa = PBXGroup;
			children = (
				210C4C3623925D48007576B0 /* AppDelegates */,
				210C4C3523925CDB007576B0 /* Property Lists */,
				210C4C3423925CBA007576B0 /* Controllers */,
				210C4C3323925CB5007576B0 /* View */,
				210C4C3223925CA9007576B0 /* Models */,
				2180AED523898A0D00EFA51A /* Assets.xcassets */,
			);
			path = BirthdayNotes;
			sourceTree = "<group>";
		};
/* End PBXGroup section */

/* Begin PBXNativeTarget section */
		2180AECA23898A0B00EFA51A /* BirthdayNotes */ = {
			isa = PBXNativeTarget;
			buildConfigurationList = 2180AEDD23898A0D00EFA51A /* Build configuration list for PBXNativeTarget "BirthdayNotes" */;
			buildPhases = (
				2180AEC723898A0B00EFA51A /* Sources */,
				2180AEC823898A0B00EFA51A /* Frameworks */,
				2180AEC923898A0B00EFA51A /* Resources */,
			);
			buildRules = (
			);
			dependencies = (
			);
			name = BirthdayNotes;
			productName = BirthdayNotes;
			productReference = 2180AECB23898A0B00EFA51A /* BirthdayNotes.app */;
			productType = "com.apple.product-type.application";
		};
/* End PBXNativeTarget section */

/* Begin PBXProject section */
		2180AEC323898A0B00EFA51A /* Project object */ = {
			isa = PBXProject;
			attributes = {
				LastSwiftUpdateCheck = 1030;
				LastUpgradeCheck = 1030;
				ORGANIZATIONNAME = SberBank;
				TargetAttributes = {
					2180AECA23898A0B00EFA51A = {
						CreatedOnToolsVersion = 10.3;
					};
				};
			};
			buildConfigurationList = 2180AEC623898A0B00EFA51A /* Build configuration list for PBXProject "BirthdayNotes" */;
			compatibilityVersion = "Xcode 9.3";
			developmentRegion = en;
			hasScannedForEncodings = 0;
			knownRegions = (
				en,
				Base,
			);
			mainGroup = 2180AEC223898A0B00EFA51A;
			productRefGroup = 2180AECC23898A0B00EFA51A /* Products */;
			projectDirPath = "";
			projectRoot = "";
			targets = (
				2180AECA23898A0B00EFA51A /* BirthdayNotes */,
			);
		};
/* End PBXProject section */

/* Begin PBXResourcesBuildPhase section */
		2180AEC923898A0B00EFA51A /* Resources */ = {
			isa = PBXResourcesBuildPhase;
			buildActionMask = 2147483647;
			files = (
				2180AED923898A0D00EFA51A /* LaunchScreen.storyboard in Resources */,
				2180AED623898A0D00EFA51A /* Assets.xcassets in Resources */,
			);
			runOnlyForDeploymentPostprocessing = 0;
		};
/* End PBXResourcesBuildPhase section */

/* Begin PBXSourcesBuildPhase section */
		2180AEC723898A0B00EFA51A /* Sources */ = {
			isa = PBXSourcesBuildPhase;
			buildActionMask = 2147483647;
			files = (
				2180AEE123898B5100EFA51A /* RootViewController.swift in Sources */,
				210C4C3123924153007576B0 /* CustomCollectionViewCell.swift in Sources */,
				210C4C3A2392631D007576B0 /* GradientView.swift in Sources */,
				2180AECF23898A0B00EFA51A /* AppDelegate.swift in Sources */,
				2180AEE32389901000EFA51A /* StartViewController.swift in Sources */,
				2180AEE523899BB300EFA51A /* MainViewController.swift in Sources */,
			);
			runOnlyForDeploymentPostprocessing = 0;
		};
/* End PBXSourcesBuildPhase section */

/* Begin PBXVariantGroup section */
		2180AED723898A0D00EFA51A /* LaunchScreen.storyboard */ = {
			isa = PBXVariantGroup;
			children = (
				2180AED823898A0D00EFA51A /* Base */,
			);
			name = LaunchScreen.storyboard;
			sourceTree = "<group>";
		};
/* End PBXVariantGroup section */

/* Begin XCBuildConfiguration section */
		2180AEDB23898A0D00EFA51A /* Debug */ = {
			isa = XCBuildConfiguration;
			buildSettings = {
				ALWAYS_SEARCH_USER_PATHS = NO;
				CLANG_ANALYZER_NONNULL = YES;
				CLANG_ANALYZER_NUMBER_OBJECT_CONVERSION = YES_AGGRESSIVE;
				CLANG_CXX_LANGUAGE_STANDARD = "gnu++14";
				CLANG_CXX_LIBRARY = "libc++";
				CLANG_ENABLE_MODULES = YES;
				CLANG_ENABLE_OBJC_ARC = YES;
				CLANG_ENABLE_OBJC_WEAK = YES;
				CLANG_WARN_BLOCK_CAPTURE_AUTORELEASING = YES;
				CLANG_WARN_BOOL_CONVERSION = YES;
				CLANG_WARN_COMMA = YES;
				CLANG_WARN_CONSTANT_CONVERSION = YES;
				CLANG_WARN_DEPRECATED_OBJC_IMPLEMENTATIONS = YES;
				CLANG_WARN_DIRECT_OBJC_ISA_USAGE = YES_ERROR;
				CLANG_WARN_DOCUMENTATION_COMMENTS = YES;
				CLANG_WARN_EMPTY_BODY = YES;
				CLANG_WARN_ENUM_CONVERSION = YES;
				CLANG_WARN_INFINITE_RECURSION = YES;
				CLANG_WARN_INT_CONVERSION = YES;
				CLANG_WARN_NON_LITERAL_NULL_CONVERSION = YES;
				CLANG_WARN_OBJC_IMPLICIT_RETAIN_SELF = YES;
				CLANG_WARN_OBJC_LITERAL_CONVERSION = YES;
				CLANG_WARN_OBJC_ROOT_CLASS = YES_ERROR;
				CLANG_WARN_RANGE_LOOP_ANALYSIS = YES;
				CLANG_WARN_STRICT_PROTOTYPES = YES;
				CLANG_WARN_SUSPICIOUS_MOVE = YES;
				CLANG_WARN_UNGUARDED_AVAILABILITY = YES_AGGRESSIVE;
				CLANG_WARN_UNREACHABLE_CODE = YES;
				CLANG_WARN__DUPLICATE_METHOD_MATCH = YES;
				CODE_SIGN_IDENTITY = "iPhone Developer";
				COPY_PHASE_STRIP = NO;
				DEBUG_INFORMATION_FORMAT = dwarf;
				ENABLE_STRICT_OBJC_MSGSEND = YES;
				ENABLE_TESTABILITY = YES;
				GCC_C_LANGUAGE_STANDARD = gnu11;
				GCC_DYNAMIC_NO_PIC = NO;
				GCC_NO_COMMON_BLOCKS = YES;
				GCC_OPTIMIZATION_LEVEL = 0;
				GCC_PREPROCESSOR_DEFINITIONS = (
					"DEBUG=1",
					"$(inherited)",
				);
				GCC_WARN_64_TO_32_BIT_CONVERSION = YES;
				GCC_WARN_ABOUT_RETURN_TYPE = YES_ERROR;
				GCC_WARN_UNDECLARED_SELECTOR = YES;
				GCC_WARN_UNINITIALIZED_AUTOS = YES_AGGRESSIVE;
				GCC_WARN_UNUSED_FUNCTION = YES;
				GCC_WARN_UNUSED_VARIABLE = YES;
				IPHONEOS_DEPLOYMENT_TARGET = 12.4;
				MTL_ENABLE_DEBUG_INFO = INCLUDE_SOURCE;
				MTL_FAST_MATH = YES;
				ONLY_ACTIVE_ARCH = YES;
				SDKROOT = iphoneos;
				SWIFT_ACTIVE_COMPILATION_CONDITIONS = DEBUG;
				SWIFT_OPTIMIZATION_LEVEL = "-Onone";
			};
			name = Debug;
		};
		2180AEDC23898A0D00EFA51A /* Release */ = {
			isa = XCBuildConfiguration;
			buildSettings = {
				ALWAYS_SEARCH_USER_PATHS = NO;
				CLANG_ANALYZER_NONNULL = YES;
				CLANG_ANALYZER_NUMBER_OBJECT_CONVERSION = YES_AGGRESSIVE;
				CLANG_CXX_LANGUAGE_STANDARD = "gnu++14";
				CLANG_CXX_LIBRARY = "libc++";
				CLANG_ENABLE_MODULES = YES;
				CLANG_ENABLE_OBJC_ARC = YES;
				CLANG_ENABLE_OBJC_WEAK = YES;
				CLANG_WARN_BLOCK_CAPTURE_AUTORELEASING = YES;
				CLANG_WARN_BOOL_CONVERSION = YES;
				CLANG_WARN_COMMA = YES;
				CLANG_WARN_CONSTANT_CONVERSION = YES;
				CLANG_WARN_DEPRECATED_OBJC_IMPLEMENTATIONS = YES;
				CLANG_WARN_DIRECT_OBJC_ISA_USAGE = YES_ERROR;
				CLANG_WARN_DOCUMENTATION_COMMENTS = YES;
				CLANG_WARN_EMPTY_BODY = YES;
				CLANG_WARN_ENUM_CONVERSION = YES;
				CLANG_WARN_INFINITE_RECURSION = YES;
				CLANG_WARN_INT_CONVERSION = YES;
				CLANG_WARN_NON_LITERAL_NULL_CONVERSION = YES;
				CLANG_WARN_OBJC_IMPLICIT_RETAIN_SELF = YES;
				CLANG_WARN_OBJC_LITERAL_CONVERSION = YES;
				CLANG_WARN_OBJC_ROOT_CLASS = YES_ERROR;
				CLANG_WARN_RANGE_LOOP_ANALYSIS = YES;
				CLANG_WARN_STRICT_PROTOTYPES = YES;
				CLANG_WARN_SUSPICIOUS_MOVE = YES;
				CLANG_WARN_UNGUARDED_AVAILABILITY = YES_AGGRESSIVE;
				CLANG_WARN_UNREACHABLE_CODE = YES;
				CLANG_WARN__DUPLICATE_METHOD_MATCH = YES;
				CODE_SIGN_IDENTITY = "iPhone Developer";
				COPY_PHASE_STRIP = NO;
				DEBUG_INFORMATION_FORMAT = "dwarf-with-dsym";
				ENABLE_NS_ASSERTIONS = NO;
				ENABLE_STRICT_OBJC_MSGSEND = YES;
				GCC_C_LANGUAGE_STANDARD = gnu11;
				GCC_NO_COMMON_BLOCKS = YES;
				GCC_WARN_64_TO_32_BIT_CONVERSION = YES;
				GCC_WARN_ABOUT_RETURN_TYPE = YES_ERROR;
				GCC_WARN_UNDECLARED_SELECTOR = YES;
				GCC_WARN_UNINITIALIZED_AUTOS = YES_AGGRESSIVE;
				GCC_WARN_UNUSED_FUNCTION = YES;
				GCC_WARN_UNUSED_VARIABLE = YES;
				IPHONEOS_DEPLOYMENT_TARGET = 12.4;
				MTL_ENABLE_DEBUG_INFO = NO;
				MTL_FAST_MATH = YES;
				SDKROOT = iphoneos;
				SWIFT_COMPILATION_MODE = wholemodule;
				SWIFT_OPTIMIZATION_LEVEL = "-O";
				VALIDATE_PRODUCT = YES;
			};
			name = Release;
		};
		2180AEDE23898A0D00EFA51A /* Debug */ = {
			isa = XCBuildConfiguration;
			buildSettings = {
				ASSETCATALOG_COMPILER_APPICON_NAME = AppIcon;
				CODE_SIGN_STYLE = Automatic;
				DEVELOPMENT_TEAM = 2NR48U86L7;
				INFOPLIST_FILE = "BirthdayNotes/Property Lists/Info.plist";
				LD_RUNPATH_SEARCH_PATHS = (
					"$(inherited)",
					"@executable_path/Frameworks",
				);
				PRODUCT_BUNDLE_IDENTIFIER = Sber.BirthdayNotes;
				PRODUCT_NAME = "$(TARGET_NAME)";
				SWIFT_VERSION = 5.0;
				TARGETED_DEVICE_FAMILY = 1;
			};
			name = Debug;
		};
		2180AEDF23898A0D00EFA51A /* Release */ = {
			isa = XCBuildConfiguration;
			buildSettings = {
				ASSETCATALOG_COMPILER_APPICON_NAME = AppIcon;
				CODE_SIGN_STYLE = Automatic;
				DEVELOPMENT_TEAM = 2NR48U86L7;
				INFOPLIST_FILE = "BirthdayNotes/Property Lists/Info.plist";
				LD_RUNPATH_SEARCH_PATHS = (
					"$(inherited)",
					"@executable_path/Frameworks",
				);
				PRODUCT_BUNDLE_IDENTIFIER = Sber.BirthdayNotes;
				PRODUCT_NAME = "$(TARGET_NAME)";
				SWIFT_VERSION = 5.0;
				TARGETED_DEVICE_FAMILY = 1;
			};
			name = Release;
		};
/* End XCBuildConfiguration section */

/* Begin XCConfigurationList section */
		2180AEC623898A0B00EFA51A /* Build configuration list for PBXProject "BirthdayNotes" */ = {
			isa = XCConfigurationList;
			buildConfigurations = (
				2180AEDB23898A0D00EFA51A /* Debug */,
				2180AEDC23898A0D00EFA51A /* Release */,
			);
			defaultConfigurationIsVisible = 0;
			defaultConfigurationName = Release;
		};
		2180AEDD23898A0D00EFA51A /* Build configuration list for PBXNativeTarget "BirthdayNotes" */ = {
			isa = XCConfigurationList;
			buildConfigurations = (
				2180AEDE23898A0D00EFA51A /* Debug */,
				2180AEDF23898A0D00EFA51A /* Release */,
			);
			defaultConfigurationIsVisible = 0;
			defaultConfigurationName = Release;
		};
/* End XCConfigurationList section */
	};
	rootObject = 2180AEC323898A0B00EFA51A /* Project object */;
}
